
Microsoft Visual Studio Solution File, Format Version 12.00
# Visual Studio Version 16
VisualStudioVersion = 16.0.31702.278
MinimumVisualStudioVersion = 10.0.40219.1
Project("{FAE04EC0-301F-11D3-BF4B-00C04F79EFBC}") = "UrnaEletronica.Repository", "UrnaEletronica.Repository\UrnaEletronica.Repository.csproj", "{B91CD2EA-D703-4E6D-AA71-36FD70C633C9}"
EndProject
Project("{FAE04EC0-301F-11D3-BF4B-00C04F79EFBC}") = "UrnaEletronica.Domain", "UrnaEletronica.Domain\UrnaEletronica.Domain.csproj", "{D808CC4D-BD70-4FE3-9E11-7B4D49163C70}"
EndProject
Project("{FAE04EC0-301F-11D3-BF4B-00C04F79EFBC}") = "UrnaEletronica.Interface", "UrnaEletronica.Interface\UrnaEletronica.Interface.csproj", "{3BA23764-F891-4494-9F06-8591038C40A2}"
EndProject
Project("{FAE04EC0-301F-11D3-BF4B-00C04F79EFBC}") = "UrnaEletronica.API", "UrnaEletronica.API\UrnaEletronica.API.csproj", "{0DF7B844-E57C-4B55-B542-6C4CD54B8090}"
EndProject
Global
	GlobalSection(SolutionConfigurationPlatforms) = preSolution
		Debug|Any CPU = Debug|Any CPU
		Release|Any CPU = Release|Any CPU
	EndGlobalSection
	GlobalSection(ProjectConfigurationPlatforms) = postSolution
		{B91CD2EA-D703-4E6D-AA71-36FD70C633C9}.Debug|Any CPU.ActiveCfg = Debug|Any CPU
		{B91CD2EA-D703-4E6D-AA71-36FD70C633C9}.Debug|Any CPU.Build.0 = Debug|Any CPU
		{B91CD2EA-D703-4E6D-AA71-36FD70C633C9}.Release|Any CPU.ActiveCfg = Release|Any CPU
		{B91CD2EA-D703-4E6D-AA71-36FD70C633C9}.Release|Any CPU.Build.0 = Release|Any CPU
		{D808CC4D-BD70-4FE3-9E11-7B4D49163C70}.Debug|Any CPU.ActiveCfg = Debug|Any CPU
		{D808CC4D-BD70-4FE3-9E11-7B4D49163C70}.Debug|Any CPU.Build.0 = Debug|Any CPU
		{D808CC4D-BD70-4FE3-9E11-7B4D49163C70}.Release|Any CPU.ActiveCfg = Release|Any CPU
		{D808CC4D-BD70-4FE3-9E11-7B4D49163C70}.Release|Any CPU.Build.0 = Release|Any CPU
		{3BA23764-F891-4494-9F06-8591038C40A2}.Debug|Any CPU.ActiveCfg = Debug|Any CPU
		{3BA23764-F891-4494-9F06-8591038C40A2}.Debug|Any CPU.Build.0 = Debug|Any CPU
		{3BA23764-F891-4494-9F06-8591038C40A2}.Release|Any CPU.ActiveCfg = Release|Any CPU
		{3BA23764-F891-4494-9F06-8591038C40A2}.Release|Any CPU.Build.0 = Release|Any CPU
		{0DF7B844-E57C-4B55-B542-6C4CD54B8090}.Debug|Any CPU.ActiveCfg = Debug|Any CPU
		{0DF7B844-E57C-4B55-B542-6C4CD54B8090}.Debug|Any CPU.Build.0 = Debug|Any CPU
		{0DF7B844-E57C-4B55-B542-6C4CD54B8090}.Release|Any CPU.ActiveCfg = Release|Any CPU
		{0DF7B844-E57C-4B55-B542-6C4CD54B8090}.Release|Any CPU.Build.0 = Release|Any CPU
	EndGlobalSection
	GlobalSection(SolutionProperties) = preSolution
		HideSolutionNode = FALSE
	EndGlobalSection
	GlobalSection(ExtensibilityGlobals) = postSolution
		SolutionGuid = {961C128F-A23E-4E2A-96D3-A442D7FA7BD5}
	EndGlobalSection
EndGlobal
